
Microsoft Visual Studio Solution File, Format Version 12.00
# Visual Studio Version 17
VisualStudioVersion = 17.0.31903.59
MinimumVisualStudioVersion = 10.0.40219.1
Project("{FAE04EC0-301F-11D3-BF4B-00C04F79EFBC}") = "PocLogs.Api", "PocLogs.Api\PocLogs.Api.csproj", "{40A51E1A-4ACE-44C5-B270-F4D86AB29C34}"
EndProject
Project("{FAE04EC0-301F-11D3-BF4B-00C04F79EFBC}") = "PocLogs.Tests", "PocLogs.Tests\PocLogs.Tests.csproj", "{B2C051C9-C63A-4F5C-AEAF-99F0B0388E5B}"
EndProject
Project("{FAE04EC0-301F-11D3-BF4B-00C04F79EFBC}") = "PocLogs.Benchmarks", "PocLogs.Benchmarks\PocLogs.Benchmarks.csproj", "{5EBB4D43-FA37-41FE-8A89-D7B955D500EA}"
EndProject
Global
	GlobalSection(SolutionConfigurationPlatforms) = preSolution
		Debug|Any CPU = Debug|Any CPU
		Release|Any CPU = Release|Any CPU
	EndGlobalSection
	GlobalSection(SolutionProperties) = preSolution
		HideSolutionNode = FALSE
	EndGlobalSection
	GlobalSection(ProjectConfigurationPlatforms) = postSolution
		{40A51E1A-4ACE-44C5-B270-F4D86AB29C34}.Debug|Any CPU.ActiveCfg = Debug|Any CPU
		{40A51E1A-4ACE-44C5-B270-F4D86AB29C34}.Debug|Any CPU.Build.0 = Debug|Any CPU
		{40A51E1A-4ACE-44C5-B270-F4D86AB29C34}.Release|Any CPU.ActiveCfg = Release|Any CPU
		{40A51E1A-4ACE-44C5-B270-F4D86AB29C34}.Release|Any CPU.Build.0 = Release|Any CPU
		{B2C051C9-C63A-4F5C-AEAF-99F0B0388E5B}.Debug|Any CPU.ActiveCfg = Debug|Any CPU
		{B2C051C9-C63A-4F5C-AEAF-99F0B0388E5B}.Debug|Any CPU.Build.0 = Debug|Any CPU
		{B2C051C9-C63A-4F5C-AEAF-99F0B0388E5B}.Release|Any CPU.ActiveCfg = Release|Any CPU
		{B2C051C9-C63A-4F5C-AEAF-99F0B0388E5B}.Release|Any CPU.Build.0 = Release|Any CPU
		{5EBB4D43-FA37-41FE-8A89-D7B955D500EA}.Debug|Any CPU.ActiveCfg = Debug|Any CPU
		{5EBB4D43-FA37-41FE-8A89-D7B955D500EA}.Debug|Any CPU.Build.0 = Debug|Any CPU
		{5EBB4D43-FA37-41FE-8A89-D7B955D500EA}.Release|Any CPU.ActiveCfg = Release|Any CPU
		{5EBB4D43-FA37-41FE-8A89-D7B955D500EA}.Release|Any CPU.Build.0 = Release|Any CPU
	EndGlobalSection
EndGlobal
